// !$*UTF8*$!
{
	archiveVersion = 1;
	classes = {
	};
	objectVersion = 51;
	objects = {

/* Begin PBXBuildFile section */
		760F3108962B37301EDCCCA9 /* Pods_AlarmApp.framework in Frameworks */ = {isa = PBXBuildFile; fileRef = A29A73EC3651F53F5C078023 /* Pods_AlarmApp.framework */; };
		A619E35D26AD97CE00FB0FB8 /* CustomFormatter.swift in Sources */ = {isa = PBXBuildFile; fileRef = A619E35C26AD97CE00FB0FB8 /* CustomFormatter.swift */; };
		A619E35F26AE4AFB00FB0FB8 /* TimerData.swift in Sources */ = {isa = PBXBuildFile; fileRef = A619E35E26AE4AFB00FB0FB8 /* TimerData.swift */; };
		A619E36426AE522800FB0FB8 /* TimerButton.swift in Sources */ = {isa = PBXBuildFile; fileRef = A619E36326AE522800FB0FB8 /* TimerButton.swift */; };
		A619E36626AE523400FB0FB8 /* TimerButton.xib in Resources */ = {isa = PBXBuildFile; fileRef = A619E36526AE523400FB0FB8 /* TimerButton.xib */; };
		A619E36826AE700C00FB0FB8 /* AlarmModel.swift in Sources */ = {isa = PBXBuildFile; fileRef = A619E36726AE700C00FB0FB8 /* AlarmModel.swift */; };
		A619E36B26AE716400FB0FB8 /* clock_bell.mp3 in Resources */ = {isa = PBXBuildFile; fileRef = A619E36A26AE716400FB0FB8 /* clock_bell.mp3 */; };
		A619E36D26AE717900FB0FB8 /* digital_clock.mp3 in Resources */ = {isa = PBXBuildFile; fileRef = A619E36C26AE717900FB0FB8 /* digital_clock.mp3 */; };
		A619E36F26AE727F00FB0FB8 /* receive.mp3 in Resources */ = {isa = PBXBuildFile; fileRef = A619E36E26AE727F00FB0FB8 /* receive.mp3 */; };
		A619E37126AE72BE00FB0FB8 /* poteto.mp3 in Resources */ = {isa = PBXBuildFile; fileRef = A619E37026AE72BE00FB0FB8 /* poteto.mp3 */; };
		A619E37326AE72EA00FB0FB8 /* siren.mp3 in Resources */ = {isa = PBXBuildFile; fileRef = A619E37226AE72EA00FB0FB8 /* siren.mp3 */; };
		A619E37526AE732000FB0FB8 /* SoundModel.swift in Sources */ = {isa = PBXBuildFile; fileRef = A619E37426AE732000FB0FB8 /* SoundModel.swift */; };
		A619E37726AE776900FB0FB8 /* ooatari.mp3 in Resources */ = {isa = PBXBuildFile; fileRef = A619E37626AE776900FB0FB8 /* ooatari.mp3 */; };
		A619E37926AE778100FB0FB8 /* jazz.mp3 in Resources */ = {isa = PBXBuildFile; fileRef = A619E37826AE777F00FB0FB8 /* jazz.mp3 */; };
		A619E37B26AE77AE00FB0FB8 /* fanfare.mp3 in Resources */ = {isa = PBXBuildFile; fileRef = A619E37A26AE77AD00FB0FB8 /* fanfare.mp3 */; };
		A619E37D26B195D800FB0FB8 /* Time.swift in Sources */ = {isa = PBXBuildFile; fileRef = A619E37C26B195D800FB0FB8 /* Time.swift */; };
		A619E38226B1B21C00FB0FB8 /* AddAlarm.storyboard in Resources */ = {isa = PBXBuildFile; fileRef = A619E38126B1B21C00FB0FB8 /* AddAlarm.storyboard */; };
		A619E38426B1B24800FB0FB8 /* AddAlarmViewController.swift in Sources */ = {isa = PBXBuildFile; fileRef = A619E38326B1B24800FB0FB8 /* AddAlarmViewController.swift */; };
		A619E38626B1B8DF00FB0FB8 /* MoelLocator.swift in Sources */ = {isa = PBXBuildFile; fileRef = A619E38526B1B8DF00FB0FB8 /* MoelLocator.swift */; };
		A6C8D39E26A90C28000684ED /* AppDelegate.swift in Sources */ = {isa = PBXBuildFile; fileRef = A6C8D39D26A90C28000684ED /* AppDelegate.swift */; };
		A6C8D3A026A90C28000684ED /* SceneDelegate.swift in Sources */ = {isa = PBXBuildFile; fileRef = A6C8D39F26A90C28000684ED /* SceneDelegate.swift */; };
		A6C8D3A526A90C28000684ED /* Home.storyboard in Resources */ = {isa = PBXBuildFile; fileRef = A6C8D3A326A90C28000684ED /* Home.storyboard */; };
		A6C8D3A726A90C30000684ED /* Assets.xcassets in Resources */ = {isa = PBXBuildFile; fileRef = A6C8D3A626A90C30000684ED /* Assets.xcassets */; };
		A6C8D3AA26A90C30000684ED /* LaunchScreen.storyboard in Resources */ = {isa = PBXBuildFile; fileRef = A6C8D3A826A90C30000684ED /* LaunchScreen.storyboard */; };
		A6C8D3B526A90C30000684ED /* AlarmAppTests.swift in Sources */ = {isa = PBXBuildFile; fileRef = A6C8D3B426A90C30000684ED /* AlarmAppTests.swift */; };
		A6C8D3C026A90C30000684ED /* AlarmAppUITests.swift in Sources */ = {isa = PBXBuildFile; fileRef = A6C8D3BF26A90C30000684ED /* AlarmAppUITests.swift */; };
		A6C8D3D226AB11D2000684ED /* HomeTabViewController.swift in Sources */ = {isa = PBXBuildFile; fileRef = A6C8D3D126AB11D2000684ED /* HomeTabViewController.swift */; };
		A6C8D3D426AB14D7000684ED /* AlarmViewController.swift in Sources */ = {isa = PBXBuildFile; fileRef = A6C8D3D326AB14D7000684ED /* AlarmViewController.swift */; };
		A6C8D3D626AB14FB000684ED /* TimerViewController.swift in Sources */ = {isa = PBXBuildFile; fileRef = A6C8D3D526AB14FB000684ED /* TimerViewController.swift */; };
		A6C8D3D826AB1528000684ED /* SettingViewController.swift in Sources */ = {isa = PBXBuildFile; fileRef = A6C8D3D726AB1528000684ED /* SettingViewController.swift */; };
		A6C8D3DA26AB1536000684ED /* Alarm.storyboard in Resources */ = {isa = PBXBuildFile; fileRef = A6C8D3D926AB1536000684ED /* Alarm.storyboard */; };
		A6C8D3DC26AB1544000684ED /* Timer.storyboard in Resources */ = {isa = PBXBuildFile; fileRef = A6C8D3DB26AB1544000684ED /* Timer.storyboard */; };
		A6C8D3DE26AB1554000684ED /* Setting.storyboard in Resources */ = {isa = PBXBuildFile; fileRef = A6C8D3DD26AB1554000684ED /* Setting.storyboard */; };
		A6C8D3E026AB27AE000684ED /* BouncesContentView.swift in Sources */ = {isa = PBXBuildFile; fileRef = A6C8D3DF26AB27AE000684ED /* BouncesContentView.swift */; };
		A6C8D3E226AB2A61000684ED /* ThemeColor.swift in Sources */ = {isa = PBXBuildFile; fileRef = A6C8D3E126AB2A61000684ED /* ThemeColor.swift */; };
		A6C8D3E526ABCF2A000684ED /* AlarmCell.swift in Sources */ = {isa = PBXBuildFile; fileRef = A6C8D3E426ABCF2A000684ED /* AlarmCell.swift */; };
		A6C8D3E726ABCF49000684ED /* AlarmCell.xib in Resources */ = {isa = PBXBuildFile; fileRef = A6C8D3E626ABCF49000684ED /* AlarmCell.xib */; };
		A6C8D3E926ABD550000684ED /* AlarmData.swift in Sources */ = {isa = PBXBuildFile; fileRef = A6C8D3E826ABD550000684ED /* AlarmData.swift */; };
		A6C8D3EB26ABD58D000684ED /* SoundData.swift in Sources */ = {isa = PBXBuildFile; fileRef = A6C8D3EA26ABD58D000684ED /* SoundData.swift */; };
		A6C8D3EE26ABE98D000684ED /* AlarmViewDelegate.swift in Sources */ = {isa = PBXBuildFile; fileRef = A6C8D3ED26ABE98D000684ED /* AlarmViewDelegate.swift */; };
		A6C8D3F026ABE99D000684ED /* AlarmViewDataSource.swift in Sources */ = {isa = PBXBuildFile; fileRef = A6C8D3EF26ABE99D000684ED /* AlarmViewDataSource.swift */; };
		A6C8D3F226ABE9AC000684ED /* AlarmViewLayout.swift in Sources */ = {isa = PBXBuildFile; fileRef = A6C8D3F126ABE9AC000684ED /* AlarmViewLayout.swift */; };
		A6C8D3F526ABECAC000684ED /* ColorModel.swift in Sources */ = {isa = PBXBuildFile; fileRef = A6C8D3F426ABECAC000684ED /* ColorModel.swift */; };
		AF9ACB9444068D99589DA3AF /* Pods_AlarmApp_AlarmAppUITests.framework in Frameworks */ = {isa = PBXBuildFile; fileRef = C57C345D327125BA6F122680 /* Pods_AlarmApp_AlarmAppUITests.framework */; };
		D971C42591C587F511E71236 /* Pods_AlarmAppTests.framework in Frameworks */ = {isa = PBXBuildFile; fileRef = D6C6B18270BFCFCD00DA3A33 /* Pods_AlarmAppTests.framework */; };
/* End PBXBuildFile section */

/* Begin PBXContainerItemProxy section */
		A6C8D3B126A90C30000684ED /* PBXContainerItemProxy */ = {
			isa = PBXContainerItemProxy;
			containerPortal = A6C8D39226A90C27000684ED /* Project object */;
			proxyType = 1;
			remoteGlobalIDString = A6C8D39926A90C28000684ED;
			remoteInfo = AlarmApp;
		};
		A6C8D3BC26A90C30000684ED /* PBXContainerItemProxy */ = {
			isa = PBXContainerItemProxy;
			containerPortal = A6C8D39226A90C27000684ED /* Project object */;
			proxyType = 1;
			remoteGlobalIDString = A6C8D39926A90C28000684ED;
			remoteInfo = AlarmApp;
		};
/* End PBXContainerItemProxy section */

/* Begin PBXFileReference section */
		0E8405E60591E163F74438D6 /* Pods-AlarmAppTests.release.xcconfig */ = {isa = PBXFileReference; includeInIndex = 1; lastKnownFileType = text.xcconfig; name = "Pods-AlarmAppTests.release.xcconfig"; path = "Target Support Files/Pods-AlarmAppTests/Pods-AlarmAppTests.release.xcconfig"; sourceTree = "<group>"; };
		6F3540E742DB98235F54E1F9 /* Pods-AlarmAppTests.debug.xcconfig */ = {isa = PBXFileReference; includeInIndex = 1; lastKnownFileType = text.xcconfig; name = "Pods-AlarmAppTests.debug.xcconfig"; path = "Target Support Files/Pods-AlarmAppTests/Pods-AlarmAppTests.debug.xcconfig"; sourceTree = "<group>"; };
		97641ADFA4A9B2A5ACF2390F /* Pods-AlarmApp-AlarmAppUITests.debug.xcconfig */ = {isa = PBXFileReference; includeInIndex = 1; lastKnownFileType = text.xcconfig; name = "Pods-AlarmApp-AlarmAppUITests.debug.xcconfig"; path = "Target Support Files/Pods-AlarmApp-AlarmAppUITests/Pods-AlarmApp-AlarmAppUITests.debug.xcconfig"; sourceTree = "<group>"; };
		A29A73EC3651F53F5C078023 /* Pods_AlarmApp.framework */ = {isa = PBXFileReference; explicitFileType = wrapper.framework; includeInIndex = 0; path = Pods_AlarmApp.framework; sourceTree = BUILT_PRODUCTS_DIR; };
		A619E35C26AD97CE00FB0FB8 /* CustomFormatter.swift */ = {isa = PBXFileReference; lastKnownFileType = sourcecode.swift; path = CustomFormatter.swift; sourceTree = "<group>"; };
		A619E35E26AE4AFB00FB0FB8 /* TimerData.swift */ = {isa = PBXFileReference; lastKnownFileType = sourcecode.swift; path = TimerData.swift; sourceTree = "<group>"; };
		A619E36326AE522800FB0FB8 /* TimerButton.swift */ = {isa = PBXFileReference; lastKnownFileType = sourcecode.swift; path = TimerButton.swift; sourceTree = "<group>"; };
		A619E36526AE523400FB0FB8 /* TimerButton.xib */ = {isa = PBXFileReference; lastKnownFileType = file.xib; path = TimerButton.xib; sourceTree = "<group>"; };
		A619E36726AE700C00FB0FB8 /* AlarmModel.swift */ = {isa = PBXFileReference; lastKnownFileType = sourcecode.swift; path = AlarmModel.swift; sourceTree = "<group>"; };
		A619E36A26AE716400FB0FB8 /* clock_bell.mp3 */ = {isa = PBXFileReference; lastKnownFileType = audio.mp3; path = clock_bell.mp3; sourceTree = "<group>"; };
		A619E36C26AE717900FB0FB8 /* digital_clock.mp3 */ = {isa = PBXFileReference; lastKnownFileType = audio.mp3; path = digital_clock.mp3; sourceTree = "<group>"; };
		A619E36E26AE727F00FB0FB8 /* receive.mp3 */ = {isa = PBXFileReference; lastKnownFileType = audio.mp3; path = receive.mp3; sourceTree = "<group>"; };
		A619E37026AE72BE00FB0FB8 /* poteto.mp3 */ = {isa = PBXFileReference; lastKnownFileType = audio.mp3; path = poteto.mp3; sourceTree = "<group>"; };
		A619E37226AE72EA00FB0FB8 /* siren.mp3 */ = {isa = PBXFileReference; lastKnownFileType = audio.mp3; path = siren.mp3; sourceTree = "<group>"; };
		A619E37426AE732000FB0FB8 /* SoundModel.swift */ = {isa = PBXFileReference; lastKnownFileType = sourcecode.swift; path = SoundModel.swift; sourceTree = "<group>"; };
		A619E37626AE776900FB0FB8 /* ooatari.mp3 */ = {isa = PBXFileReference; lastKnownFileType = audio.mp3; path = ooatari.mp3; sourceTree = "<group>"; };
		A619E37826AE777F00FB0FB8 /* jazz.mp3 */ = {isa = PBXFileReference; lastKnownFileType = audio.mp3; path = jazz.mp3; sourceTree = "<group>"; };
		A619E37A26AE77AD00FB0FB8 /* fanfare.mp3 */ = {isa = PBXFileReference; lastKnownFileType = audio.mp3; path = fanfare.mp3; sourceTree = "<group>"; };
		A619E37C26B195D800FB0FB8 /* Time.swift */ = {isa = PBXFileReference; lastKnownFileType = sourcecode.swift; path = Time.swift; sourceTree = "<group>"; };
		A619E38126B1B21C00FB0FB8 /* AddAlarm.storyboard */ = {isa = PBXFileReference; lastKnownFileType = file.storyboard; path = AddAlarm.storyboard; sourceTree = "<group>"; };
		A619E38326B1B24800FB0FB8 /* AddAlarmViewController.swift */ = {isa = PBXFileReference; lastKnownFileType = sourcecode.swift; path = AddAlarmViewController.swift; sourceTree = "<group>"; };
		A619E38526B1B8DF00FB0FB8 /* MoelLocator.swift */ = {isa = PBXFileReference; lastKnownFileType = sourcecode.swift; path = MoelLocator.swift; sourceTree = "<group>"; };
		A6C8D39A26A90C28000684ED /* AlarmApp.app */ = {isa = PBXFileReference; explicitFileType = wrapper.application; includeInIndex = 0; path = AlarmApp.app; sourceTree = BUILT_PRODUCTS_DIR; };
		A6C8D39D26A90C28000684ED /* AppDelegate.swift */ = {isa = PBXFileReference; lastKnownFileType = sourcecode.swift; path = AppDelegate.swift; sourceTree = "<group>"; };
		A6C8D39F26A90C28000684ED /* SceneDelegate.swift */ = {isa = PBXFileReference; lastKnownFileType = sourcecode.swift; path = SceneDelegate.swift; sourceTree = "<group>"; };
		A6C8D3A426A90C28000684ED /* Base */ = {isa = PBXFileReference; lastKnownFileType = file.storyboard; name = Base; path = Base.lproj/Home.storyboard; sourceTree = "<group>"; };
		A6C8D3A626A90C30000684ED /* Assets.xcassets */ = {isa = PBXFileReference; lastKnownFileType = folder.assetcatalog; path = Assets.xcassets; sourceTree = "<group>"; };
		A6C8D3A926A90C30000684ED /* Base */ = {isa = PBXFileReference; lastKnownFileType = file.storyboard; name = Base; path = Base.lproj/LaunchScreen.storyboard; sourceTree = "<group>"; };
		A6C8D3AB26A90C30000684ED /* Info.plist */ = {isa = PBXFileReference; lastKnownFileType = text.plist.xml; path = Info.plist; sourceTree = "<group>"; };
		A6C8D3B026A90C30000684ED /* AlarmAppTests.xctest */ = {isa = PBXFileReference; explicitFileType = wrapper.cfbundle; includeInIndex = 0; path = AlarmAppTests.xctest; sourceTree = BUILT_PRODUCTS_DIR; };
		A6C8D3B426A90C30000684ED /* AlarmAppTests.swift */ = {isa = PBXFileReference; lastKnownFileType = sourcecode.swift; path = AlarmAppTests.swift; sourceTree = "<group>"; };
		A6C8D3B626A90C30000684ED /* Info.plist */ = {isa = PBXFileReference; lastKnownFileType = text.plist.xml; path = Info.plist; sourceTree = "<group>"; };
		A6C8D3BB26A90C30000684ED /* AlarmAppUITests.xctest */ = {isa = PBXFileReference; explicitFileType = wrapper.cfbundle; includeInIndex = 0; path = AlarmAppUITests.xctest; sourceTree = BUILT_PRODUCTS_DIR; };
		A6C8D3BF26A90C30000684ED /* AlarmAppUITests.swift */ = {isa = PBXFileReference; lastKnownFileType = sourcecode.swift; path = AlarmAppUITests.swift; sourceTree = "<group>"; };
		A6C8D3C126A90C30000684ED /* Info.plist */ = {isa = PBXFileReference; lastKnownFileType = text.plist.xml; path = Info.plist; sourceTree = "<group>"; };
		A6C8D3D126AB11D2000684ED /* HomeTabViewController.swift */ = {isa = PBXFileReference; lastKnownFileType = sourcecode.swift; path = HomeTabViewController.swift; sourceTree = "<group>"; };
		A6C8D3D326AB14D7000684ED /* AlarmViewController.swift */ = {isa = PBXFileReference; lastKnownFileType = sourcecode.swift; path = AlarmViewController.swift; sourceTree = "<group>"; };
		A6C8D3D526AB14FB000684ED /* TimerViewController.swift */ = {isa = PBXFileReference; lastKnownFileType = sourcecode.swift; path = TimerViewController.swift; sourceTree = "<group>"; };
		A6C8D3D726AB1528000684ED /* SettingViewController.swift */ = {isa = PBXFileReference; lastKnownFileType = sourcecode.swift; path = SettingViewController.swift; sourceTree = "<group>"; };
		A6C8D3D926AB1536000684ED /* Alarm.storyboard */ = {isa = PBXFileReference; lastKnownFileType = file.storyboard; name = Alarm.storyboard; path = AlarmApp/Controller/Alarm.storyboard; sourceTree = SOURCE_ROOT; };
		A6C8D3DB26AB1544000684ED /* Timer.storyboard */ = {isa = PBXFileReference; lastKnownFileType = file.storyboard; path = Timer.storyboard; sourceTree = "<group>"; };
		A6C8D3DD26AB1554000684ED /* Setting.storyboard */ = {isa = PBXFileReference; lastKnownFileType = file.storyboard; path = Setting.storyboard; sourceTree = "<group>"; };
		A6C8D3DF26AB27AE000684ED /* BouncesContentView.swift */ = {isa = PBXFileReference; lastKnownFileType = sourcecode.swift; path = BouncesContentView.swift; sourceTree = "<group>"; };
		A6C8D3E126AB2A61000684ED /* ThemeColor.swift */ = {isa = PBXFileReference; lastKnownFileType = sourcecode.swift; path = ThemeColor.swift; sourceTree = "<group>"; };
		A6C8D3E426ABCF2A000684ED /* AlarmCell.swift */ = {isa = PBXFileReference; lastKnownFileType = sourcecode.swift; path = AlarmCell.swift; sourceTree = "<group>"; };
		A6C8D3E626ABCF49000684ED /* AlarmCell.xib */ = {isa = PBXFileReference; lastKnownFileType = file.xib; path = AlarmCell.xib; sourceTree = "<group>"; };
		A6C8D3E826ABD550000684ED /* AlarmData.swift */ = {isa = PBXFileReference; lastKnownFileType = sourcecode.swift; path = AlarmData.swift; sourceTree = "<group>"; };
		A6C8D3EA26ABD58D000684ED /* SoundData.swift */ = {isa = PBXFileReference; lastKnownFileType = sourcecode.swift; path = SoundData.swift; sourceTree = "<group>"; };
		A6C8D3ED26ABE98D000684ED /* AlarmViewDelegate.swift */ = {isa = PBXFileReference; lastKnownFileType = sourcecode.swift; path = AlarmViewDelegate.swift; sourceTree = "<group>"; };
		A6C8D3EF26ABE99D000684ED /* AlarmViewDataSource.swift */ = {isa = PBXFileReference; lastKnownFileType = sourcecode.swift; path = AlarmViewDataSource.swift; sourceTree = "<group>"; };
		A6C8D3F126ABE9AC000684ED /* AlarmViewLayout.swift */ = {isa = PBXFileReference; lastKnownFileType = sourcecode.swift; path = AlarmViewLayout.swift; sourceTree = "<group>"; };
		A6C8D3F426ABECAC000684ED /* ColorModel.swift */ = {isa = PBXFileReference; lastKnownFileType = sourcecode.swift; path = ColorModel.swift; sourceTree = "<group>"; };
		A943C5B272FFCBBE5D9FB1EA /* Pods-AlarmApp-AlarmAppUITests.release.xcconfig */ = {isa = PBXFileReference; includeInIndex = 1; lastKnownFileType = text.xcconfig; name = "Pods-AlarmApp-AlarmAppUITests.release.xcconfig"; path = "Target Support Files/Pods-AlarmApp-AlarmAppUITests/Pods-AlarmApp-AlarmAppUITests.release.xcconfig"; sourceTree = "<group>"; };
		A95F69DA3E3E59017BEDA4FF /* Pods-AlarmApp.release.xcconfig */ = {isa = PBXFileReference; includeInIndex = 1; lastKnownFileType = text.xcconfig; name = "Pods-AlarmApp.release.xcconfig"; path = "Target Support Files/Pods-AlarmApp/Pods-AlarmApp.release.xcconfig"; sourceTree = "<group>"; };
		C57C345D327125BA6F122680 /* Pods_AlarmApp_AlarmAppUITests.framework */ = {isa = PBXFileReference; explicitFileType = wrapper.framework; includeInIndex = 0; path = Pods_AlarmApp_AlarmAppUITests.framework; sourceTree = BUILT_PRODUCTS_DIR; };
		D6C6B18270BFCFCD00DA3A33 /* Pods_AlarmAppTests.framework */ = {isa = PBXFileReference; explicitFileType = wrapper.framework; includeInIndex = 0; path = Pods_AlarmAppTests.framework; sourceTree = BUILT_PRODUCTS_DIR; };
		FEF34D02B4ADB38949DE15FB /* Pods-AlarmApp.debug.xcconfig */ = {isa = PBXFileReference; includeInIndex = 1; lastKnownFileType = text.xcconfig; name = "Pods-AlarmApp.debug.xcconfig"; path = "Target Support Files/Pods-AlarmApp/Pods-AlarmApp.debug.xcconfig"; sourceTree = "<group>"; };
/* End PBXFileReference section */

/* Begin PBXFrameworksBuildPhase section */
		A6C8D39726A90C28000684ED /* Frameworks */ = {
			isa = PBXFrameworksBuildPhase;
			buildActionMask = 2147483647;
			files = (
				760F3108962B37301EDCCCA9 /* Pods_AlarmApp.framework in Frameworks */,
			);
			runOnlyForDeploymentPostprocessing = 0;
		};
		A6C8D3AD26A90C30000684ED /* Frameworks */ = {
			isa = PBXFrameworksBuildPhase;
			buildActionMask = 2147483647;
			files = (
				D971C42591C587F511E71236 /* Pods_AlarmAppTests.framework in Frameworks */,
			);
			runOnlyForDeploymentPostprocessing = 0;
		};
		A6C8D3B826A90C30000684ED /* Frameworks */ = {
			isa = PBXFrameworksBuildPhase;
			buildActionMask = 2147483647;
			files = (
				AF9ACB9444068D99589DA3AF /* Pods_AlarmApp_AlarmAppUITests.framework in Frameworks */,
			);
			runOnlyForDeploymentPostprocessing = 0;
		};
/* End PBXFrameworksBuildPhase section */

/* Begin PBXGroup section */
		27198BAFD742604131F51B88 /* Pods */ = {
			isa = PBXGroup;
			children = (
				FEF34D02B4ADB38949DE15FB /* Pods-AlarmApp.debug.xcconfig */,
				A95F69DA3E3E59017BEDA4FF /* Pods-AlarmApp.release.xcconfig */,
				97641ADFA4A9B2A5ACF2390F /* Pods-AlarmApp-AlarmAppUITests.debug.xcconfig */,
				A943C5B272FFCBBE5D9FB1EA /* Pods-AlarmApp-AlarmAppUITests.release.xcconfig */,
				6F3540E742DB98235F54E1F9 /* Pods-AlarmAppTests.debug.xcconfig */,
				0E8405E60591E163F74438D6 /* Pods-AlarmAppTests.release.xcconfig */,
			);
			path = Pods;
			sourceTree = "<group>";
		};
		75C0E7C2861AA6BBCF5BA4FC /* Frameworks */ = {
			isa = PBXGroup;
			children = (
				A29A73EC3651F53F5C078023 /* Pods_AlarmApp.framework */,
				C57C345D327125BA6F122680 /* Pods_AlarmApp_AlarmAppUITests.framework */,
				D6C6B18270BFCFCD00DA3A33 /* Pods_AlarmAppTests.framework */,
			);
			name = Frameworks;
			sourceTree = "<group>";
		};
		A619E36226AE520100FB0FB8 /* TimerButton */ = {
			isa = PBXGroup;
			children = (
				A619E36326AE522800FB0FB8 /* TimerButton.swift */,
				A619E36526AE523400FB0FB8 /* TimerButton.xib */,
			);
			path = TimerButton;
			sourceTree = "<group>";
		};
		A619E36926AE711700FB0FB8 /* Sounds */ = {
			isa = PBXGroup;
			children = (
				A619E36C26AE717900FB0FB8 /* digital_clock.mp3 */,
				A619E36A26AE716400FB0FB8 /* clock_bell.mp3 */,
				A619E36E26AE727F00FB0FB8 /* receive.mp3 */,
				A619E37026AE72BE00FB0FB8 /* poteto.mp3 */,
				A619E37826AE777F00FB0FB8 /* jazz.mp3 */,
				A619E37226AE72EA00FB0FB8 /* siren.mp3 */,
				A619E37A26AE77AD00FB0FB8 /* fanfare.mp3 */,
				A619E37626AE776900FB0FB8 /* ooatari.mp3 */,
			);
			path = Sounds;
			sourceTree = "<group>";
		};
		A6C8D39126A90C27000684ED = {
			isa = PBXGroup;
			children = (
				A6C8D39C26A90C28000684ED /* AlarmApp */,
				A6C8D3B326A90C30000684ED /* AlarmAppTests */,
				A6C8D3BE26A90C30000684ED /* AlarmAppUITests */,
				A6C8D39B26A90C28000684ED /* Products */,
				27198BAFD742604131F51B88 /* Pods */,
				75C0E7C2861AA6BBCF5BA4FC /* Frameworks */,
			);
			sourceTree = "<group>";
		};
		A6C8D39B26A90C28000684ED /* Products */ = {
			isa = PBXGroup;
			children = (
				A6C8D39A26A90C28000684ED /* AlarmApp.app */,
				A6C8D3B026A90C30000684ED /* AlarmAppTests.xctest */,
				A6C8D3BB26A90C30000684ED /* AlarmAppUITests.xctest */,
			);
			name = Products;
			sourceTree = "<group>";
		};
		A6C8D39C26A90C28000684ED /* AlarmApp */ = {
			isa = PBXGroup;
			children = (
				A619E36926AE711700FB0FB8 /* Sounds */,
				A6C8D3D026AB078A000684ED /* Model */,
				A6C8D3CF26AB0781000684ED /* View */,
				A6C8D3CE26AB0778000684ED /* Controller */,
				A6C8D39D26A90C28000684ED /* AppDelegate.swift */,
				A6C8D39F26A90C28000684ED /* SceneDelegate.swift */,
				A6C8D3A626A90C30000684ED /* Assets.xcassets */,
				A6C8D3A826A90C30000684ED /* LaunchScreen.storyboard */,
				A6C8D3AB26A90C30000684ED /* Info.plist */,
			);
			path = AlarmApp;
			sourceTree = "<group>";
		};
		A6C8D3B326A90C30000684ED /* AlarmAppTests */ = {
			isa = PBXGroup;
			children = (
				A6C8D3B426A90C30000684ED /* AlarmAppTests.swift */,
				A6C8D3B626A90C30000684ED /* Info.plist */,
			);
			path = AlarmAppTests;
			sourceTree = "<group>";
		};
		A6C8D3BE26A90C30000684ED /* AlarmAppUITests */ = {
			isa = PBXGroup;
			children = (
				A6C8D3BF26A90C30000684ED /* AlarmAppUITests.swift */,
				A6C8D3C126A90C30000684ED /* Info.plist */,
			);
			path = AlarmAppUITests;
			sourceTree = "<group>";
		};
		A6C8D3CE26AB0778000684ED /* Controller */ = {
			isa = PBXGroup;
			children = (
				A6C8D3EC26ABE967000684ED /* AlarmView */,
				A6C8D3D126AB11D2000684ED /* HomeTabViewController.swift */,
				A6C8D3D526AB14FB000684ED /* TimerViewController.swift */,
				A6C8D3D726AB1528000684ED /* SettingViewController.swift */,
				A619E38326B1B24800FB0FB8 /* AddAlarmViewController.swift */,
			);
			path = Controller;
			sourceTree = "<group>";
		};
		A6C8D3CF26AB0781000684ED /* View */ = {
			isa = PBXGroup;
			children = (
				A619E36226AE520100FB0FB8 /* TimerButton */,
				A6C8D3E326ABCF00000684ED /* AlarmCell */,
				A6C8D3A326A90C28000684ED /* Home.storyboard */,
				A6C8D3D926AB1536000684ED /* Alarm.storyboard */,
				A6C8D3DB26AB1544000684ED /* Timer.storyboard */,
				A6C8D3DD26AB1554000684ED /* Setting.storyboard */,
				A619E38126B1B21C00FB0FB8 /* AddAlarm.storyboard */,
				A6C8D3DF26AB27AE000684ED /* BouncesContentView.swift */,
			);
			path = View;
			sourceTree = "<group>";
		};
		A6C8D3D026AB078A000684ED /* Model */ = {
			isa = PBXGroup;
			children = (
				A6C8D3F326ABEC4F000684ED /* enum */,
				A6C8D3E826ABD550000684ED /* AlarmData.swift */,
				A6C8D3EA26ABD58D000684ED /* SoundData.swift */,
				A619E35E26AE4AFB00FB0FB8 /* TimerData.swift */,
				A6C8D3F426ABECAC000684ED /* ColorModel.swift */,
				A619E35C26AD97CE00FB0FB8 /* CustomFormatter.swift */,
				A619E36726AE700C00FB0FB8 /* AlarmModel.swift */,
				A619E37426AE732000FB0FB8 /* SoundModel.swift */,
				A619E37C26B195D800FB0FB8 /* Time.swift */,
				A619E38526B1B8DF00FB0FB8 /* MoelLocator.swift */,
			);
			path = Model;
			sourceTree = "<group>";
		};
		A6C8D3E326ABCF00000684ED /* AlarmCell */ = {
			isa = PBXGroup;
			children = (
				A6C8D3E426ABCF2A000684ED /* AlarmCell.swift */,
				A6C8D3E626ABCF49000684ED /* AlarmCell.xib */,
			);
			path = AlarmCell;
			sourceTree = "<group>";
		};
		A6C8D3EC26ABE967000684ED /* AlarmView */ = {
			isa = PBXGroup;
			children = (
				A6C8D3D326AB14D7000684ED /* AlarmViewController.swift */,
				A6C8D3ED26ABE98D000684ED /* AlarmViewDelegate.swift */,
				A6C8D3EF26ABE99D000684ED /* AlarmViewDataSource.swift */,
				A6C8D3F126ABE9AC000684ED /* AlarmViewLayout.swift */,
			);
			path = AlarmView;
			sourceTree = "<group>";
		};
		A6C8D3F326ABEC4F000684ED /* enum */ = {
			isa = PBXGroup;
			children = (
				A6C8D3E126AB2A61000684ED /* ThemeColor.swift */,
			);
			path = enum;
			sourceTree = "<group>";
		};
/* End PBXGroup section */

/* Begin PBXNativeTarget section */
		A6C8D39926A90C28000684ED /* AlarmApp */ = {
			isa = PBXNativeTarget;
			buildConfigurationList = A6C8D3C426A90C30000684ED /* Build configuration list for PBXNativeTarget "AlarmApp" */;
			buildPhases = (
				B8A056AB15EC59D5D542E50E /* [CP] Check Pods Manifest.lock */,
				A6C8D39626A90C28000684ED /* Sources */,
				A6C8D39726A90C28000684ED /* Frameworks */,
				A6C8D39826A90C28000684ED /* Resources */,
				C183EDA3B40CF3AF4052962F /* [CP] Embed Pods Frameworks */,
				A6C8D3CD26A90EF1000684ED /* SwiftLint */,
			);
			buildRules = (
			);
			dependencies = (
			);
			name = AlarmApp;
			productName = AlarmApp;
			productReference = A6C8D39A26A90C28000684ED /* AlarmApp.app */;
			productType = "com.apple.product-type.application";
		};
		A6C8D3AF26A90C30000684ED /* AlarmAppTests */ = {
			isa = PBXNativeTarget;
			buildConfigurationList = A6C8D3C726A90C30000684ED /* Build configuration list for PBXNativeTarget "AlarmAppTests" */;
			buildPhases = (
				1D336A2C86F157F657C72955 /* [CP] Check Pods Manifest.lock */,
				A6C8D3AC26A90C30000684ED /* Sources */,
				A6C8D3AD26A90C30000684ED /* Frameworks */,
				A6C8D3AE26A90C30000684ED /* Resources */,
			);
			buildRules = (
			);
			dependencies = (
				A6C8D3B226A90C30000684ED /* PBXTargetDependency */,
			);
			name = AlarmAppTests;
			productName = AlarmAppTests;
			productReference = A6C8D3B026A90C30000684ED /* AlarmAppTests.xctest */;
			productType = "com.apple.product-type.bundle.unit-test";
		};
		A6C8D3BA26A90C30000684ED /* AlarmAppUITests */ = {
			isa = PBXNativeTarget;
			buildConfigurationList = A6C8D3CA26A90C30000684ED /* Build configuration list for PBXNativeTarget "AlarmAppUITests" */;
			buildPhases = (
				CF2637B1A6C247F7606FF922 /* [CP] Check Pods Manifest.lock */,
				A6C8D3B726A90C30000684ED /* Sources */,
				A6C8D3B826A90C30000684ED /* Frameworks */,
				A6C8D3B926A90C30000684ED /* Resources */,
				BF5D2ACEE24E394C8FE353CF /* [CP] Embed Pods Frameworks */,
			);
			buildRules = (
			);
			dependencies = (
				A6C8D3BD26A90C30000684ED /* PBXTargetDependency */,
			);
			name = AlarmAppUITests;
			productName = AlarmAppUITests;
			productReference = A6C8D3BB26A90C30000684ED /* AlarmAppUITests.xctest */;
			productType = "com.apple.product-type.bundle.ui-testing";
		};
/* End PBXNativeTarget section */

/* Begin PBXProject section */
		A6C8D39226A90C27000684ED /* Project object */ = {
			isa = PBXProject;
			attributes = {
				LastSwiftUpdateCheck = 1250;
				LastUpgradeCheck = 1250;
				TargetAttributes = {
					A6C8D39926A90C28000684ED = {
						CreatedOnToolsVersion = 12.5.1;
					};
					A6C8D3AF26A90C30000684ED = {
						CreatedOnToolsVersion = 12.5.1;
						TestTargetID = A6C8D39926A90C28000684ED;
					};
					A6C8D3BA26A90C30000684ED = {
						CreatedOnToolsVersion = 12.5.1;
						TestTargetID = A6C8D39926A90C28000684ED;
					};
				};
			};
			buildConfigurationList = A6C8D39526A90C27000684ED /* Build configuration list for PBXProject "AlarmApp" */;
			compatibilityVersion = "Xcode 9.3";
			developmentRegion = en;
			hasScannedForEncodings = 0;
			knownRegions = (
				en,
				Base,
			);
			mainGroup = A6C8D39126A90C27000684ED;
			productRefGroup = A6C8D39B26A90C28000684ED /* Products */;
			projectDirPath = "";
			projectRoot = "";
			targets = (
				A6C8D39926A90C28000684ED /* AlarmApp */,
				A6C8D3AF26A90C30000684ED /* AlarmAppTests */,
				A6C8D3BA26A90C30000684ED /* AlarmAppUITests */,
			);
		};
/* End PBXProject section */

/* Begin PBXResourcesBuildPhase section */
		A6C8D39826A90C28000684ED /* Resources */ = {
			isa = PBXResourcesBuildPhase;
			buildActionMask = 2147483647;
			files = (
				A6C8D3DC26AB1544000684ED /* Timer.storyboard in Resources */,
				A6C8D3DA26AB1536000684ED /* Alarm.storyboard in Resources */,
				A619E37326AE72EA00FB0FB8 /* siren.mp3 in Resources */,
				A619E36D26AE717900FB0FB8 /* digital_clock.mp3 in Resources */,
				A619E37B26AE77AE00FB0FB8 /* fanfare.mp3 in Resources */,
				A619E37926AE778100FB0FB8 /* jazz.mp3 in Resources */,
				A619E36B26AE716400FB0FB8 /* clock_bell.mp3 in Resources */,
				A619E38226B1B21C00FB0FB8 /* AddAlarm.storyboard in Resources */,
				A619E37126AE72BE00FB0FB8 /* poteto.mp3 in Resources */,
				A6C8D3AA26A90C30000684ED /* LaunchScreen.storyboard in Resources */,
				A6C8D3A726A90C30000684ED /* Assets.xcassets in Resources */,
				A619E36F26AE727F00FB0FB8 /* receive.mp3 in Resources */,
				A6C8D3A526A90C28000684ED /* Home.storyboard in Resources */,
				A619E36626AE523400FB0FB8 /* TimerButton.xib in Resources */,
				A6C8D3E726ABCF49000684ED /* AlarmCell.xib in Resources */,
				A619E37726AE776900FB0FB8 /* ooatari.mp3 in Resources */,
				A6C8D3DE26AB1554000684ED /* Setting.storyboard in Resources */,
			);
			runOnlyForDeploymentPostprocessing = 0;
		};
		A6C8D3AE26A90C30000684ED /* Resources */ = {
			isa = PBXResourcesBuildPhase;
			buildActionMask = 2147483647;
			files = (
			);
			runOnlyForDeploymentPostprocessing = 0;
		};
		A6C8D3B926A90C30000684ED /* Resources */ = {
			isa = PBXResourcesBuildPhase;
			buildActionMask = 2147483647;
			files = (
			);
			runOnlyForDeploymentPostprocessing = 0;
		};
/* End PBXResourcesBuildPhase section */

/* Begin PBXShellScriptBuildPhase section */
		1D336A2C86F157F657C72955 /* [CP] Check Pods Manifest.lock */ = {
			isa = PBXShellScriptBuildPhase;
			buildActionMask = 2147483647;
			files = (
			);
			inputFileListPaths = (
			);
			inputPaths = (
				"${PODS_PODFILE_DIR_PATH}/Podfile.lock",
				"${PODS_ROOT}/Manifest.lock",
			);
			name = "[CP] Check Pods Manifest.lock";
			outputFileListPaths = (
			);
			outputPaths = (
				"$(DERIVED_FILE_DIR)/Pods-AlarmAppTests-checkManifestLockResult.txt",
			);
			runOnlyForDeploymentPostprocessing = 0;
			shellPath = /bin/sh;
			shellScript = "diff \"${PODS_PODFILE_DIR_PATH}/Podfile.lock\" \"${PODS_ROOT}/Manifest.lock\" > /dev/null\nif [ $? != 0 ] ; then\n    # print error to STDERR\n    echo \"error: The sandbox is not in sync with the Podfile.lock. Run 'pod install' or update your CocoaPods installation.\" >&2\n    exit 1\nfi\n# This output is used by Xcode 'outputs' to avoid re-running this script phase.\necho \"SUCCESS\" > \"${SCRIPT_OUTPUT_FILE_0}\"\n";
			showEnvVarsInLog = 0;
		};
		A6C8D3CD26A90EF1000684ED /* SwiftLint */ = {
			isa = PBXShellScriptBuildPhase;
			buildActionMask = 2147483647;
			files = (
			);
			inputFileListPaths = (
			);
			inputPaths = (
			);
			name = SwiftLint;
			outputFileListPaths = (
			);
			outputPaths = (
			);
			runOnlyForDeploymentPostprocessing = 0;
			shellPath = /bin/sh;
			shellScript = "if which swiftlint >/dev/null; then\n  swiftlint\nelse\n  echo \"warning: SwiftLint not installed, download from https://github.com/realm/SwiftLint\"\nfi\n";
		};
		B8A056AB15EC59D5D542E50E /* [CP] Check Pods Manifest.lock */ = {
			isa = PBXShellScriptBuildPhase;
			buildActionMask = 2147483647;
			files = (
			);
			inputFileListPaths = (
			);
			inputPaths = (
				"${PODS_PODFILE_DIR_PATH}/Podfile.lock",
				"${PODS_ROOT}/Manifest.lock",
			);
			name = "[CP] Check Pods Manifest.lock";
			outputFileListPaths = (
			);
			outputPaths = (
				"$(DERIVED_FILE_DIR)/Pods-AlarmApp-checkManifestLockResult.txt",
			);
			runOnlyForDeploymentPostprocessing = 0;
			shellPath = /bin/sh;
			shellScript = "diff \"${PODS_PODFILE_DIR_PATH}/Podfile.lock\" \"${PODS_ROOT}/Manifest.lock\" > /dev/null\nif [ $? != 0 ] ; then\n    # print error to STDERR\n    echo \"error: The sandbox is not in sync with the Podfile.lock. Run 'pod install' or update your CocoaPods installation.\" >&2\n    exit 1\nfi\n# This output is used by Xcode 'outputs' to avoid re-running this script phase.\necho \"SUCCESS\" > \"${SCRIPT_OUTPUT_FILE_0}\"\n";
			showEnvVarsInLog = 0;
		};
		BF5D2ACEE24E394C8FE353CF /* [CP] Embed Pods Frameworks */ = {
			isa = PBXShellScriptBuildPhase;
			buildActionMask = 2147483647;
			files = (
			);
			inputFileListPaths = (
				"${PODS_ROOT}/Target Support Files/Pods-AlarmApp-AlarmAppUITests/Pods-AlarmApp-AlarmAppUITests-frameworks-${CONFIGURATION}-input-files.xcfilelist",
			);
			name = "[CP] Embed Pods Frameworks";
			outputFileListPaths = (
				"${PODS_ROOT}/Target Support Files/Pods-AlarmApp-AlarmAppUITests/Pods-AlarmApp-AlarmAppUITests-frameworks-${CONFIGURATION}-output-files.xcfilelist",
			);
			runOnlyForDeploymentPostprocessing = 0;
			shellPath = /bin/sh;
			shellScript = "\"${PODS_ROOT}/Target Support Files/Pods-AlarmApp-AlarmAppUITests/Pods-AlarmApp-AlarmAppUITests-frameworks.sh\"\n";
			showEnvVarsInLog = 0;
		};
		C183EDA3B40CF3AF4052962F /* [CP] Embed Pods Frameworks */ = {
			isa = PBXShellScriptBuildPhase;
			buildActionMask = 2147483647;
			files = (
			);
			inputFileListPaths = (
				"${PODS_ROOT}/Target Support Files/Pods-AlarmApp/Pods-AlarmApp-frameworks-${CONFIGURATION}-input-files.xcfilelist",
			);
			name = "[CP] Embed Pods Frameworks";
			outputFileListPaths = (
				"${PODS_ROOT}/Target Support Files/Pods-AlarmApp/Pods-AlarmApp-frameworks-${CONFIGURATION}-output-files.xcfilelist",
			);
			runOnlyForDeploymentPostprocessing = 0;
			shellPath = /bin/sh;
			shellScript = "\"${PODS_ROOT}/Target Support Files/Pods-AlarmApp/Pods-AlarmApp-frameworks.sh\"\n";
			showEnvVarsInLog = 0;
		};
		CF2637B1A6C247F7606FF922 /* [CP] Check Pods Manifest.lock */ = {
			isa = PBXShellScriptBuildPhase;
			buildActionMask = 2147483647;
			files = (
			);
			inputFileListPaths = (
			);
			inputPaths = (
				"${PODS_PODFILE_DIR_PATH}/Podfile.lock",
				"${PODS_ROOT}/Manifest.lock",
			);
			name = "[CP] Check Pods Manifest.lock";
			outputFileListPaths = (
			);
			outputPaths = (
				"$(DERIVED_FILE_DIR)/Pods-AlarmApp-AlarmAppUITests-checkManifestLockResult.txt",
			);
			runOnlyForDeploymentPostprocessing = 0;
			shellPath = /bin/sh;
			shellScript = "diff \"${PODS_PODFILE_DIR_PATH}/Podfile.lock\" \"${PODS_ROOT}/Manifest.lock\" > /dev/null\nif [ $? != 0 ] ; then\n    # print error to STDERR\n    echo \"error: The sandbox is not in sync with the Podfile.lock. Run 'pod install' or update your CocoaPods installation.\" >&2\n    exit 1\nfi\n# This output is used by Xcode 'outputs' to avoid re-running this script phase.\necho \"SUCCESS\" > \"${SCRIPT_OUTPUT_FILE_0}\"\n";
			showEnvVarsInLog = 0;
		};
/* End PBXShellScriptBuildPhase section */

/* Begin PBXSourcesBuildPhase section */
		A6C8D39626A90C28000684ED /* Sources */ = {
			isa = PBXSourcesBuildPhase;
			buildActionMask = 2147483647;
			files = (
				A6C8D3D626AB14FB000684ED /* TimerViewController.swift in Sources */,
				A6C8D3EE26ABE98D000684ED /* AlarmViewDelegate.swift in Sources */,
				A619E38426B1B24800FB0FB8 /* AddAlarmViewController.swift in Sources */,
				A6C8D3F526ABECAC000684ED /* ColorModel.swift in Sources */,
				A619E36426AE522800FB0FB8 /* TimerButton.swift in Sources */,
				A6C8D3D426AB14D7000684ED /* AlarmViewController.swift in Sources */,
				A6C8D3D226AB11D2000684ED /* HomeTabViewController.swift in Sources */,
				A6C8D3F226ABE9AC000684ED /* AlarmViewLayout.swift in Sources */,
				A6C8D3E026AB27AE000684ED /* BouncesContentView.swift in Sources */,
				A6C8D3EB26ABD58D000684ED /* SoundData.swift in Sources */,
				A619E37D26B195D800FB0FB8 /* Time.swift in Sources */,
				A6C8D39E26A90C28000684ED /* AppDelegate.swift in Sources */,
				A6C8D3E926ABD550000684ED /* AlarmData.swift in Sources */,
				A6C8D3E526ABCF2A000684ED /* AlarmCell.swift in Sources */,
				A619E38626B1B8DF00FB0FB8 /* MoelLocator.swift in Sources */,
				A6C8D3F026ABE99D000684ED /* AlarmViewDataSource.swift in Sources */,
				A619E36826AE700C00FB0FB8 /* AlarmModel.swift in Sources */,
				A6C8D3E226AB2A61000684ED /* ThemeColor.swift in Sources */,
				A6C8D3A026A90C28000684ED /* SceneDelegate.swift in Sources */,
				A619E35D26AD97CE00FB0FB8 /* CustomFormatter.swift in Sources */,
				A619E37526AE732000FB0FB8 /* SoundModel.swift in Sources */,
				A6C8D3D826AB1528000684ED /* SettingViewController.swift in Sources */,
				A619E35F26AE4AFB00FB0FB8 /* TimerData.swift in Sources */,
			);
			runOnlyForDeploymentPostprocessing = 0;
		};
		A6C8D3AC26A90C30000684ED /* Sources */ = {
			isa = PBXSourcesBuildPhase;
			buildActionMask = 2147483647;
			files = (
				A6C8D3B526A90C30000684ED /* AlarmAppTests.swift in Sources */,
			);
			runOnlyForDeploymentPostprocessing = 0;
		};
		A6C8D3B726A90C30000684ED /* Sources */ = {
			isa = PBXSourcesBuildPhase;
			buildActionMask = 2147483647;
			files = (
				A6C8D3C026A90C30000684ED /* AlarmAppUITests.swift in Sources */,
			);
			runOnlyForDeploymentPostprocessing = 0;
		};
/* End PBXSourcesBuildPhase section */

/* Begin PBXTargetDependency section */
		A6C8D3B226A90C30000684ED /* PBXTargetDependency */ = {
			isa = PBXTargetDependency;
			target = A6C8D39926A90C28000684ED /* AlarmApp */;
			targetProxy = A6C8D3B126A90C30000684ED /* PBXContainerItemProxy */;
		};
		A6C8D3BD26A90C30000684ED /* PBXTargetDependency */ = {
			isa = PBXTargetDependency;
			target = A6C8D39926A90C28000684ED /* AlarmApp */;
			targetProxy = A6C8D3BC26A90C30000684ED /* PBXContainerItemProxy */;
		};
/* End PBXTargetDependency section */

/* Begin PBXVariantGroup section */
		A6C8D3A326A90C28000684ED /* Home.storyboard */ = {
			isa = PBXVariantGroup;
			children = (
				A6C8D3A426A90C28000684ED /* Base */,
			);
			name = Home.storyboard;
			sourceTree = "<group>";
		};
		A6C8D3A826A90C30000684ED /* LaunchScreen.storyboard */ = {
			isa = PBXVariantGroup;
			children = (
				A6C8D3A926A90C30000684ED /* Base */,
			);
			name = LaunchScreen.storyboard;
			sourceTree = "<group>";
		};
/* End PBXVariantGroup section */

/* Begin XCBuildConfiguration section */
		A6C8D3C226A90C30000684ED /* Debug */ = {
			isa = XCBuildConfiguration;
			buildSettings = {
				ALWAYS_SEARCH_USER_PATHS = NO;
				CLANG_ANALYZER_NONNULL = YES;
				CLANG_ANALYZER_NUMBER_OBJECT_CONVERSION = YES_AGGRESSIVE;
				CLANG_CXX_LANGUAGE_STANDARD = "gnu++14";
				CLANG_CXX_LIBRARY = "libc++";
				CLANG_ENABLE_MODULES = YES;
				CLANG_ENABLE_OBJC_ARC = YES;
				CLANG_ENABLE_OBJC_WEAK = YES;
				CLANG_WARN_BLOCK_CAPTURE_AUTORELEASING = YES;
				CLANG_WARN_BOOL_CONVERSION = YES;
				CLANG_WARN_COMMA = YES;
				CLANG_WARN_CONSTANT_CONVERSION = YES;
				CLANG_WARN_DEPRECATED_OBJC_IMPLEMENTATIONS = YES;
				CLANG_WARN_DIRECT_OBJC_ISA_USAGE = YES_ERROR;
				CLANG_WARN_DOCUMENTATION_COMMENTS = YES;
				CLANG_WARN_EMPTY_BODY = YES;
				CLANG_WARN_ENUM_CONVERSION = YES;
				CLANG_WARN_INFINITE_RECURSION = YES;
				CLANG_WARN_INT_CONVERSION = YES;
				CLANG_WARN_NON_LITERAL_NULL_CONVERSION = YES;
				CLANG_WARN_OBJC_IMPLICIT_RETAIN_SELF = YES;
				CLANG_WARN_OBJC_LITERAL_CONVERSION = YES;
				CLANG_WARN_OBJC_ROOT_CLASS = YES_ERROR;
				CLANG_WARN_QUOTED_INCLUDE_IN_FRAMEWORK_HEADER = YES;
				CLANG_WARN_RANGE_LOOP_ANALYSIS = YES;
				CLANG_WARN_STRICT_PROTOTYPES = YES;
				CLANG_WARN_SUSPICIOUS_MOVE = YES;
				CLANG_WARN_UNGUARDED_AVAILABILITY = YES_AGGRESSIVE;
				CLANG_WARN_UNREACHABLE_CODE = YES;
				CLANG_WARN__DUPLICATE_METHOD_MATCH = YES;
				COPY_PHASE_STRIP = NO;
				DEBUG_INFORMATION_FORMAT = dwarf;
				ENABLE_STRICT_OBJC_MSGSEND = YES;
				ENABLE_TESTABILITY = YES;
				GCC_C_LANGUAGE_STANDARD = gnu11;
				GCC_DYNAMIC_NO_PIC = NO;
				GCC_NO_COMMON_BLOCKS = YES;
				GCC_OPTIMIZATION_LEVEL = 0;
				GCC_PREPROCESSOR_DEFINITIONS = (
					"DEBUG=1",
					"$(inherited)",
				);
				GCC_WARN_64_TO_32_BIT_CONVERSION = YES;
				GCC_WARN_ABOUT_RETURN_TYPE = YES_ERROR;
				GCC_WARN_UNDECLARED_SELECTOR = YES;
				GCC_WARN_UNINITIALIZED_AUTOS = YES_AGGRESSIVE;
				GCC_WARN_UNUSED_FUNCTION = YES;
				GCC_WARN_UNUSED_VARIABLE = YES;
				IPHONEOS_DEPLOYMENT_TARGET = 14.5;
				MTL_ENABLE_DEBUG_INFO = INCLUDE_SOURCE;
				MTL_FAST_MATH = YES;
				ONLY_ACTIVE_ARCH = YES;
				SDKROOT = iphoneos;
				SWIFT_ACTIVE_COMPILATION_CONDITIONS = DEBUG;
				SWIFT_OPTIMIZATION_LEVEL = "-Onone";
			};
			name = Debug;
		};
		A6C8D3C326A90C30000684ED /* Release */ = {
			isa = XCBuildConfiguration;
			buildSettings = {
				ALWAYS_SEARCH_USER_PATHS = NO;
				CLANG_ANALYZER_NONNULL = YES;
				CLANG_ANALYZER_NUMBER_OBJECT_CONVERSION = YES_AGGRESSIVE;
				CLANG_CXX_LANGUAGE_STANDARD = "gnu++14";
				CLANG_CXX_LIBRARY = "libc++";
				CLANG_ENABLE_MODULES = YES;
				CLANG_ENABLE_OBJC_ARC = YES;
				CLANG_ENABLE_OBJC_WEAK = YES;
				CLANG_WARN_BLOCK_CAPTURE_AUTORELEASING = YES;
				CLANG_WARN_BOOL_CONVERSION = YES;
				CLANG_WARN_COMMA = YES;
				CLANG_WARN_CONSTANT_CONVERSION = YES;
				CLANG_WARN_DEPRECATED_OBJC_IMPLEMENTATIONS = YES;
				CLANG_WARN_DIRECT_OBJC_ISA_USAGE = YES_ERROR;
				CLANG_WARN_DOCUMENTATION_COMMENTS = YES;
				CLANG_WARN_EMPTY_BODY = YES;
				CLANG_WARN_ENUM_CONVERSION = YES;
				CLANG_WARN_INFINITE_RECURSION = YES;
				CLANG_WARN_INT_CONVERSION = YES;
				CLANG_WARN_NON_LITERAL_NULL_CONVERSION = YES;
				CLANG_WARN_OBJC_IMPLICIT_RETAIN_SELF = YES;
				CLANG_WARN_OBJC_LITERAL_CONVERSION = YES;
				CLANG_WARN_OBJC_ROOT_CLASS = YES_ERROR;
				CLANG_WARN_QUOTED_INCLUDE_IN_FRAMEWORK_HEADER = YES;
				CLANG_WARN_RANGE_LOOP_ANALYSIS = YES;
				CLANG_WARN_STRICT_PROTOTYPES = YES;
				CLANG_WARN_SUSPICIOUS_MOVE = YES;
				CLANG_WARN_UNGUARDED_AVAILABILITY = YES_AGGRESSIVE;
				CLANG_WARN_UNREACHABLE_CODE = YES;
				CLANG_WARN__DUPLICATE_METHOD_MATCH = YES;
				COPY_PHASE_STRIP = NO;
				DEBUG_INFORMATION_FORMAT = "dwarf-with-dsym";
				ENABLE_NS_ASSERTIONS = NO;
				ENABLE_STRICT_OBJC_MSGSEND = YES;
				GCC_C_LANGUAGE_STANDARD = gnu11;
				GCC_NO_COMMON_BLOCKS = YES;
				GCC_WARN_64_TO_32_BIT_CONVERSION = YES;
				GCC_WARN_ABOUT_RETURN_TYPE = YES_ERROR;
				GCC_WARN_UNDECLARED_SELECTOR = YES;
				GCC_WARN_UNINITIALIZED_AUTOS = YES_AGGRESSIVE;
				GCC_WARN_UNUSED_FUNCTION = YES;
				GCC_WARN_UNUSED_VARIABLE = YES;
				IPHONEOS_DEPLOYMENT_TARGET = 14.5;
				MTL_ENABLE_DEBUG_INFO = NO;
				MTL_FAST_MATH = YES;
				SDKROOT = iphoneos;
				SWIFT_COMPILATION_MODE = wholemodule;
				SWIFT_OPTIMIZATION_LEVEL = "-O";
				VALIDATE_PRODUCT = YES;
			};
			name = Release;
		};
		A6C8D3C526A90C30000684ED /* Debug */ = {
			isa = XCBuildConfiguration;
			baseConfigurationReference = FEF34D02B4ADB38949DE15FB /* Pods-AlarmApp.debug.xcconfig */;
			buildSettings = {
				ASSETCATALOG_COMPILER_APPICON_NAME = AppIcon;
				ASSETCATALOG_COMPILER_GLOBAL_ACCENT_COLOR_NAME = AccentColor;
				CODE_SIGN_STYLE = Automatic;
				DEVELOPMENT_TEAM = M4DFJLV2VG;
				INFOPLIST_FILE = AlarmApp/Info.plist;
				LD_RUNPATH_SEARCH_PATHS = (
					"$(inherited)",
					"@executable_path/Frameworks",
				);
				PRODUCT_BUNDLE_IDENTIFIER = com.gmail.daikiumehara3.AlarmApp;
				PRODUCT_NAME = "$(TARGET_NAME)";
				SWIFT_VERSION = 5.0;
				TARGETED_DEVICE_FAMILY = "1,2";
			};
			name = Debug;
		};
		A6C8D3C626A90C30000684ED /* Release */ = {
			isa = XCBuildConfiguration;
			baseConfigurationReference = A95F69DA3E3E59017BEDA4FF /* Pods-AlarmApp.release.xcconfig */;
			buildSettings = {
				ASSETCATALOG_COMPILER_APPICON_NAME = AppIcon;
				ASSETCATALOG_COMPILER_GLOBAL_ACCENT_COLOR_NAME = AccentColor;
				CODE_SIGN_STYLE = Automatic;
				DEVELOPMENT_TEAM = M4DFJLV2VG;
				INFOPLIST_FILE = AlarmApp/Info.plist;
				LD_RUNPATH_SEARCH_PATHS = (
					"$(inherited)",
					"@executable_path/Frameworks",
				);
				PRODUCT_BUNDLE_IDENTIFIER = com.gmail.daikiumehara3.AlarmApp;
				PRODUCT_NAME = "$(TARGET_NAME)";
				SWIFT_VERSION = 5.0;
				TARGETED_DEVICE_FAMILY = "1,2";
			};
			name = Release;
		};
		A6C8D3C826A90C30000684ED /* Debug */ = {
			isa = XCBuildConfiguration;
			baseConfigurationReference = 6F3540E742DB98235F54E1F9 /* Pods-AlarmAppTests.debug.xcconfig */;
			buildSettings = {
				ALWAYS_EMBED_SWIFT_STANDARD_LIBRARIES = YES;
				BUNDLE_LOADER = "$(TEST_HOST)";
				CODE_SIGN_STYLE = Automatic;
				DEVELOPMENT_TEAM = M4DFJLV2VG;
				INFOPLIST_FILE = AlarmAppTests/Info.plist;
				IPHONEOS_DEPLOYMENT_TARGET = 14.5;
				LD_RUNPATH_SEARCH_PATHS = (
					"$(inherited)",
					"@executable_path/Frameworks",
					"@loader_path/Frameworks",
				);
				PRODUCT_BUNDLE_IDENTIFIER = com.gmail.daikiumehara3.AlarmAppTests;
				PRODUCT_NAME = "$(TARGET_NAME)";
				SWIFT_VERSION = 5.0;
				TARGETED_DEVICE_FAMILY = "1,2";
				TEST_HOST = "$(BUILT_PRODUCTS_DIR)/AlarmApp.app/AlarmApp";
			};
			name = Debug;
		};
		A6C8D3C926A90C30000684ED /* Release */ = {
			isa = XCBuildConfiguration;
			baseConfigurationReference = 0E8405E60591E163F74438D6 /* Pods-AlarmAppTests.release.xcconfig */;
			buildSettings = {
				ALWAYS_EMBED_SWIFT_STANDARD_LIBRARIES = YES;
				BUNDLE_LOADER = "$(TEST_HOST)";
				CODE_SIGN_STYLE = Automatic;
				DEVELOPMENT_TEAM = M4DFJLV2VG;
				INFOPLIST_FILE = AlarmAppTests/Info.plist;
				IPHONEOS_DEPLOYMENT_TARGET = 14.5;
				LD_RUNPATH_SEARCH_PATHS = (
					"$(inherited)",
					"@executable_path/Frameworks",
					"@loader_path/Frameworks",
				);
				PRODUCT_BUNDLE_IDENTIFIER = com.gmail.daikiumehara3.AlarmAppTests;
				PRODUCT_NAME = "$(TARGET_NAME)";
				SWIFT_VERSION = 5.0;
				TARGETED_DEVICE_FAMILY = "1,2";
				TEST_HOST = "$(BUILT_PRODUCTS_DIR)/AlarmApp.app/AlarmApp";
			};
			name = Release;
		};
		A6C8D3CB26A90C30000684ED /* Debug */ = {
			isa = XCBuildConfiguration;
			baseConfigurationReference = 97641ADFA4A9B2A5ACF2390F /* Pods-AlarmApp-AlarmAppUITests.debug.xcconfig */;
			buildSettings = {
				ALWAYS_EMBED_SWIFT_STANDARD_LIBRARIES = YES;
				CODE_SIGN_STYLE = Automatic;
				DEVELOPMENT_TEAM = M4DFJLV2VG;
				INFOPLIST_FILE = AlarmAppUITests/Info.plist;
				LD_RUNPATH_SEARCH_PATHS = (
					"$(inherited)",
					"@executable_path/Frameworks",
					"@loader_path/Frameworks",
				);
				PRODUCT_BUNDLE_IDENTIFIER = com.gmail.daikiumehara3.AlarmAppUITests;
				PRODUCT_NAME = "$(TARGET_NAME)";
				SWIFT_VERSION = 5.0;
				TARGETED_DEVICE_FAMILY = "1,2";
				TEST_TARGET_NAME = AlarmApp;
			};
			name = Debug;
		};
		A6C8D3CC26A90C30000684ED /* Release */ = {
			isa = XCBuildConfiguration;
			baseConfigurationReference = A943C5B272FFCBBE5D9FB1EA /* Pods-AlarmApp-AlarmAppUITests.release.xcconfig */;
			buildSettings = {
				ALWAYS_EMBED_SWIFT_STANDARD_LIBRARIES = YES;
				CODE_SIGN_STYLE = Automatic;
				DEVELOPMENT_TEAM = M4DFJLV2VG;
				INFOPLIST_FILE = AlarmAppUITests/Info.plist;
				LD_RUNPATH_SEARCH_PATHS = (
					"$(inherited)",
					"@executable_path/Frameworks",
					"@loader_path/Frameworks",
				);
				PRODUCT_BUNDLE_IDENTIFIER = com.gmail.daikiumehara3.AlarmAppUITests;
				PRODUCT_NAME = "$(TARGET_NAME)";
				SWIFT_VERSION = 5.0;
				TARGETED_DEVICE_FAMILY = "1,2";
				TEST_TARGET_NAME = AlarmApp;
			};
			name = Release;
		};
/* End XCBuildConfiguration section */

/* Begin XCConfigurationList section */
		A6C8D39526A90C27000684ED /* Build configuration list for PBXProject "AlarmApp" */ = {
			isa = XCConfigurationList;
			buildConfigurations = (
				A6C8D3C226A90C30000684ED /* Debug */,
				A6C8D3C326A90C30000684ED /* Release */,
			);
			defaultConfigurationIsVisible = 0;
			defaultConfigurationName = Release;
		};
		A6C8D3C426A90C30000684ED /* Build configuration list for PBXNativeTarget "AlarmApp" */ = {
			isa = XCConfigurationList;
			buildConfigurations = (
				A6C8D3C526A90C30000684ED /* Debug */,
				A6C8D3C626A90C30000684ED /* Release */,
			);
			defaultConfigurationIsVisible = 0;
			defaultConfigurationName = Release;
		};
		A6C8D3C726A90C30000684ED /* Build configuration list for PBXNativeTarget "AlarmAppTests" */ = {
			isa = XCConfigurationList;
			buildConfigurations = (
				A6C8D3C826A90C30000684ED /* Debug */,
				A6C8D3C926A90C30000684ED /* Release */,
			);
			defaultConfigurationIsVisible = 0;
			defaultConfigurationName = Release;
		};
		A6C8D3CA26A90C30000684ED /* Build configuration list for PBXNativeTarget "AlarmAppUITests" */ = {
			isa = XCConfigurationList;
			buildConfigurations = (
				A6C8D3CB26A90C30000684ED /* Debug */,
				A6C8D3CC26A90C30000684ED /* Release */,
			);
			defaultConfigurationIsVisible = 0;
			defaultConfigurationName = Release;
		};
/* End XCConfigurationList section */
	};
	rootObject = A6C8D39226A90C27000684ED /* Project object */;
}
